{
  "originHash" : "5bd7b382f692704989ce0b555c71818f9014a0eef94f6e67ed2f8b0e47fea914",
  "pins" : [
    {
      "identity" : "hammond",
      "kind" : "remoteSourceControl",
      "location" : "https://github.com/broadwaylamb/Hammond.git",
      "state" : {
        "revision" : "bb2ff0843c5bf61cb4ec3f6fa21fb7dcf31f9ceb"
      }
    },
    {
      "identity" : "swift-syntax",
      "kind" : "remoteSourceControl",
      "location" : "https://github.com/swiftlang/swift-syntax",
      "state" : {
        "revision" : "f99ae8aa18f0cf0d53481901f88a0991dc3bd4a2",
        "version" : "601.0.1"
      }
    }
  ],
  "version" : 3
}
