{
  "originHash" : "e712da8326d69e67d872dba0bfa255e1803b7389b1c9e63ae17da8c4568b45c9",
  "pins" : [
    {
      "identity" : "hammond",
      "kind" : "remoteSourceControl",
      "location" : "https://github.com/broadwaylamb/Hammond.git",
      "state" : {
        "revision" : "03c1769564f2819ebbad52f98cbda94f5626e449"
      }
    },
    {
      "identity" : "swift-syntax",
      "kind" : "remoteSourceControl",
      "location" : "https://github.com/swiftlang/swift-syntax",
      "state" : {
        "revision" : "4799286537280063c85a32f09884cfbca301b1a1",
        "version" : "602.0.0"
      }
    }
  ],
  "version" : 3
}
