{
  "originHash" : "d2b095f93549bd2412e9dcc1d7fb14463e647f70175fbe9fcd166f4a098d4d1a",
  "pins" : [
    {
      "identity" : "hammond",
      "kind" : "remoteSourceControl",
      "location" : "https://github.com/broadwaylamb/Hammond.git",
      "state" : {
        "revision" : "bb2ff0843c5bf61cb4ec3f6fa21fb7dcf31f9ceb"
      }
    },
    {
      "identity" : "reercodable",
      "kind" : "remoteSourceControl",
      "location" : "https://github.com/reers/ReerCodable.git",
      "state" : {
        "revision" : "d76657994c28360c5ac9db39fc4e7b18329667fb",
        "version" : "1.3.4"
      }
    },
    {
      "identity" : "swift-syntax",
      "kind" : "remoteSourceControl",
      "location" : "https://github.com/swiftlang/swift-syntax",
      "state" : {
        "revision" : "f99ae8aa18f0cf0d53481901f88a0991dc3bd4a2",
        "version" : "601.0.1"
      }
    }
  ],
  "version" : 3
}
